
Microsoft Visual Studio Solution File, Format Version 12.00
# Visual Studio Version 17
VisualStudioVersion = 17.0.32126.317
MinimumVisualStudioVersion = 10.0.40219.1
Project("{FAE04EC0-301F-11D3-BF4B-00C04F79EFBC}") = "ReverseCoding1", "ReverseCoding1.csproj", "{43C9FA32-6D4D-4B85-87D3-6B3076ADC33A}"
EndProject
Global
	GlobalSection(SolutionConfigurationPlatforms) = preSolution
		Debug|Any CPU = Debug|Any CPU
		Release|Any CPU = Release|Any CPU
	EndGlobalSection
	GlobalSection(ProjectConfigurationPlatforms) = postSolution
		{43C9FA32-6D4D-4B85-87D3-6B3076ADC33A}.Debug|Any CPU.ActiveCfg = Debug|Any CPU
		{43C9FA32-6D4D-4B85-87D3-6B3076ADC33A}.Debug|Any CPU.Build.0 = Debug|Any CPU
		{43C9FA32-6D4D-4B85-87D3-6B3076ADC33A}.Release|Any CPU.ActiveCfg = Release|Any CPU
		{43C9FA32-6D4D-4B85-87D3-6B3076ADC33A}.Release|Any CPU.Build.0 = Release|Any CPU
	EndGlobalSection
	GlobalSection(SolutionProperties) = preSolution
		HideSolutionNode = FALSE
	EndGlobalSection
	GlobalSection(ExtensibilityGlobals) = postSolution
		SolutionGuid = {394682FE-A412-4A73-BD15-A5D4D96AB799}
	EndGlobalSection
EndGlobal
