
Microsoft Visual Studio Solution File, Format Version 12.00
# Visual Studio Version 17
VisualStudioVersion = 17.0.32126.317
MinimumVisualStudioVersion = 10.0.40219.1
Project("{FAE04EC0-301F-11D3-BF4B-00C04F79EFBC}") = "HigherNumber", "HigherNumber.csproj", "{3D9BF6C7-E051-4FEA-AC8A-FD7BF194E5A7}"
EndProject
Global
	GlobalSection(SolutionConfigurationPlatforms) = preSolution
		Debug|Any CPU = Debug|Any CPU
		Release|Any CPU = Release|Any CPU
	EndGlobalSection
	GlobalSection(ProjectConfigurationPlatforms) = postSolution
		{3D9BF6C7-E051-4FEA-AC8A-FD7BF194E5A7}.Debug|Any CPU.ActiveCfg = Debug|Any CPU
		{3D9BF6C7-E051-4FEA-AC8A-FD7BF194E5A7}.Debug|Any CPU.Build.0 = Debug|Any CPU
		{3D9BF6C7-E051-4FEA-AC8A-FD7BF194E5A7}.Release|Any CPU.ActiveCfg = Release|Any CPU
		{3D9BF6C7-E051-4FEA-AC8A-FD7BF194E5A7}.Release|Any CPU.Build.0 = Release|Any CPU
	EndGlobalSection
	GlobalSection(SolutionProperties) = preSolution
		HideSolutionNode = FALSE
	EndGlobalSection
	GlobalSection(ExtensibilityGlobals) = postSolution
		SolutionGuid = {D8107944-F2D3-4EC1-9AE7-548DBA66CC24}
	EndGlobalSection
EndGlobal
