
Microsoft Visual Studio Solution File, Format Version 12.00
# Visual Studio Version 17
VisualStudioVersion = 17.0.32126.317
MinimumVisualStudioVersion = 10.0.40219.1
Project("{FAE04EC0-301F-11D3-BF4B-00C04F79EFBC}") = "SumOfFactors", "SumOfFactors.csproj", "{8EC5F9BC-61E8-4E5F-AC1B-8269B83843DF}"
EndProject
Global
	GlobalSection(SolutionConfigurationPlatforms) = preSolution
		Debug|Any CPU = Debug|Any CPU
		Release|Any CPU = Release|Any CPU
	EndGlobalSection
	GlobalSection(ProjectConfigurationPlatforms) = postSolution
		{8EC5F9BC-61E8-4E5F-AC1B-8269B83843DF}.Debug|Any CPU.ActiveCfg = Debug|Any CPU
		{8EC5F9BC-61E8-4E5F-AC1B-8269B83843DF}.Debug|Any CPU.Build.0 = Debug|Any CPU
		{8EC5F9BC-61E8-4E5F-AC1B-8269B83843DF}.Release|Any CPU.ActiveCfg = Release|Any CPU
		{8EC5F9BC-61E8-4E5F-AC1B-8269B83843DF}.Release|Any CPU.Build.0 = Release|Any CPU
	EndGlobalSection
	GlobalSection(SolutionProperties) = preSolution
		HideSolutionNode = FALSE
	EndGlobalSection
	GlobalSection(ExtensibilityGlobals) = postSolution
		SolutionGuid = {D6622F28-5F47-415A-BD57-618F28C88598}
	EndGlobalSection
EndGlobal
