
Microsoft Visual Studio Solution File, Format Version 12.00
# Visual Studio Version 17
VisualStudioVersion = 17.0.32126.317
MinimumVisualStudioVersion = 10.0.40219.1
Project("{FAE04EC0-301F-11D3-BF4B-00C04F79EFBC}") = "PowerRanger", "PowerRanger.csproj", "{C0CC3A96-447F-43FB-8765-C8B5458E42CE}"
EndProject
Global
	GlobalSection(SolutionConfigurationPlatforms) = preSolution
		Debug|Any CPU = Debug|Any CPU
		Release|Any CPU = Release|Any CPU
	EndGlobalSection
	GlobalSection(ProjectConfigurationPlatforms) = postSolution
		{C0CC3A96-447F-43FB-8765-C8B5458E42CE}.Debug|Any CPU.ActiveCfg = Debug|Any CPU
		{C0CC3A96-447F-43FB-8765-C8B5458E42CE}.Debug|Any CPU.Build.0 = Debug|Any CPU
		{C0CC3A96-447F-43FB-8765-C8B5458E42CE}.Release|Any CPU.ActiveCfg = Release|Any CPU
		{C0CC3A96-447F-43FB-8765-C8B5458E42CE}.Release|Any CPU.Build.0 = Release|Any CPU
	EndGlobalSection
	GlobalSection(SolutionProperties) = preSolution
		HideSolutionNode = FALSE
	EndGlobalSection
	GlobalSection(ExtensibilityGlobals) = postSolution
		SolutionGuid = {D8AE6DC4-C9B6-4634-BDA0-B9FB76B6855F}
	EndGlobalSection
EndGlobal
